
Microsoft Visual Studio Solution File, Format Version 12.00
# Visual Studio Version 17
VisualStudioVersion = 17.6.33712.159
MinimumVisualStudioVersion = 10.0.40219.1
Project("{FAE04EC0-301F-11D3-BF4B-00C04F79EFBC}") = "DonationAppDemo", "DonationAppDemo\DonationAppDemo.csproj", "{76B5E601-6884-41EC-A352-A44B6DCDB38D}"
EndProject
Global
	GlobalSection(SolutionConfigurationPlatforms) = preSolution
		Debug|Any CPU = Debug|Any CPU
		Release|Any CPU = Release|Any CPU
	EndGlobalSection
	GlobalSection(ProjectConfigurationPlatforms) = postSolution
		{76B5E601-6884-41EC-A352-A44B6DCDB38D}.Debug|Any CPU.ActiveCfg = Debug|Any CPU
		{76B5E601-6884-41EC-A352-A44B6DCDB38D}.Debug|Any CPU.Build.0 = Debug|Any CPU
		{76B5E601-6884-41EC-A352-A44B6DCDB38D}.Release|Any CPU.ActiveCfg = Release|Any CPU
		{76B5E601-6884-41EC-A352-A44B6DCDB38D}.Release|Any CPU.Build.0 = Release|Any CPU
	EndGlobalSection
	GlobalSection(SolutionProperties) = preSolution
		HideSolutionNode = FALSE
	EndGlobalSection
	GlobalSection(ExtensibilityGlobals) = postSolution
		SolutionGuid = {EDAAB04A-4CC5-4079-BD7D-B3C31E7AADE9}
	EndGlobalSection
EndGlobal
